// !$*UTF8*$!
{
	archiveVersion = 1;
	classes = {
	};
	objectVersion = 46;
	objects = {

/* Begin PBXBuildFile section */
		5C66F01D1A15921A000422ED /* CloudKit.framework in Frameworks */ = {isa = PBXBuildFile; fileRef = 5C66F01C1A15921A000422ED /* CloudKit.framework */; };
		5C66F0251A159F95000422ED /* NotificationCenter.framework in Frameworks */ = {isa = PBXBuildFile; fileRef = 5C66F0241A159F95000422ED /* NotificationCenter.framework */; };
		5C66F02A1A159F95000422ED /* TodayViewController.swift in Sources */ = {isa = PBXBuildFile; fileRef = 5C66F0291A159F95000422ED /* TodayViewController.swift */; };
		5C66F02C1A159F95000422ED /* MainInterface.storyboard in Resources */ = {isa = PBXBuildFile; fileRef = 5C66F02B1A159F95000422ED /* MainInterface.storyboard */; };
		5C66F02F1A159F95000422ED /* TrackerWidget.appex in Embed App Extensions */ = {isa = PBXBuildFile; fileRef = 5C66F0221A159F95000422ED /* TrackerWidget.appex */; settings = {ATTRIBUTES = (RemoveHeadersOnCopy, ); }; };
		5CA847AF1A269E330061FE02 /* button.jpg in Resources */ = {isa = PBXBuildFile; fileRef = 5CA847AE1A269E330061FE02 /* button.jpg */; };
		5CA847B11A26A88D0061FE02 /* cloudData.swift in Sources */ = {isa = PBXBuildFile; fileRef = 5CA847B01A26A88D0061FE02 /* cloudData.swift */; };
		5CA847B31A26A8A00061FE02 /* grabbedRecord.swift in Sources */ = {isa = PBXBuildFile; fileRef = 5CA847B21A26A8A00061FE02 /* grabbedRecord.swift */; };
		5CA847B51A26D0C70061FE02 /* NavigationViewController.swift in Sources */ = {isa = PBXBuildFile; fileRef = 5CA847B41A26D0C70061FE02 /* NavigationViewController.swift */; };
		E4583FE419EDA9A7009ADA7F /* AppDelegate.swift in Sources */ = {isa = PBXBuildFile; fileRef = E4583FE319EDA9A7009ADA7F /* AppDelegate.swift */; };
		E4583FE919EDA9A7009ADA7F /* Main.storyboard in Resources */ = {isa = PBXBuildFile; fileRef = E4583FE719EDA9A7009ADA7F /* Main.storyboard */; };
		E4583FEB19EDA9A7009ADA7F /* Images.xcassets in Resources */ = {isa = PBXBuildFile; fileRef = E4583FEA19EDA9A7009ADA7F /* Images.xcassets */; };
		E4583FEE19EDA9A7009ADA7F /* LaunchScreen.xib in Resources */ = {isa = PBXBuildFile; fileRef = E4583FEC19EDA9A7009ADA7F /* LaunchScreen.xib */; };
		E49A416B1A1449D900CABD4F /* TodayTabViewController.swift in Sources */ = {isa = PBXBuildFile; fileRef = E49A416A1A1449D900CABD4F /* TodayTabViewController.swift */; };
		E4BCAA221A1AF61F0091BD75 /* GoalsTabViewController.swift in Sources */ = {isa = PBXBuildFile; fileRef = E4BCAA211A1AF61F0091BD75 /* GoalsTabViewController.swift */; };
		E4C84A7D1A229BF8004CD9EB /* HistoryTabViewController.swift in Sources */ = {isa = PBXBuildFile; fileRef = E4C84A7C1A229BF8004CD9EB /* HistoryTabViewController.swift */; };
/* End PBXBuildFile section */

/* Begin PBXContainerItemProxy section */
		5C66F02D1A159F95000422ED /* PBXContainerItemProxy */ = {
			isa = PBXContainerItemProxy;
			containerPortal = E4583FD619EDA9A7009ADA7F /* Project object */;
			proxyType = 1;
			remoteGlobalIDString = 5C66F0211A159F95000422ED;
			remoteInfo = TrackerWidget;
		};
/* End PBXContainerItemProxy section */

/* Begin PBXCopyFilesBuildPhase section */
		5C66F0331A159F96000422ED /* Embed App Extensions */ = {
			isa = PBXCopyFilesBuildPhase;
			buildActionMask = 2147483647;
			dstPath = "";
			dstSubfolderSpec = 13;
			files = (
				5C66F02F1A159F95000422ED /* TrackerWidget.appex in Embed App Extensions */,
			);
			name = "Embed App Extensions";
			runOnlyForDeploymentPostprocessing = 0;
		};
/* End PBXCopyFilesBuildPhase section */

/* Begin PBXFileReference section */
		5C66F01B1A159219000422ED /* Tracker.entitlements */ = {isa = PBXFileReference; lastKnownFileType = text.xml; path = Tracker.entitlements; sourceTree = "<group>"; };
		5C66F01C1A15921A000422ED /* CloudKit.framework */ = {isa = PBXFileReference; lastKnownFileType = wrapper.framework; name = CloudKit.framework; path = System/Library/Frameworks/CloudKit.framework; sourceTree = SDKROOT; };
		5C66F0221A159F95000422ED /* TrackerWidget.appex */ = {isa = PBXFileReference; explicitFileType = "wrapper.app-extension"; includeInIndex = 0; path = TrackerWidget.appex; sourceTree = BUILT_PRODUCTS_DIR; };
		5C66F0241A159F95000422ED /* NotificationCenter.framework */ = {isa = PBXFileReference; lastKnownFileType = wrapper.framework; name = NotificationCenter.framework; path = System/Library/Frameworks/NotificationCenter.framework; sourceTree = SDKROOT; };
		5C66F0281A159F95000422ED /* Info.plist */ = {isa = PBXFileReference; lastKnownFileType = text.plist.xml; path = Info.plist; sourceTree = "<group>"; };
		5C66F0291A159F95000422ED /* TodayViewController.swift */ = {isa = PBXFileReference; lastKnownFileType = sourcecode.swift; path = TodayViewController.swift; sourceTree = "<group>"; };
		5C66F02B1A159F95000422ED /* MainInterface.storyboard */ = {isa = PBXFileReference; lastKnownFileType = file.storyboard; path = MainInterface.storyboard; sourceTree = "<group>"; };
		5CA847AE1A269E330061FE02 /* button.jpg */ = {isa = PBXFileReference; lastKnownFileType = image.jpeg; path = button.jpg; sourceTree = "<group>"; };
		5CA847B01A26A88D0061FE02 /* cloudData.swift */ = {isa = PBXFileReference; fileEncoding = 4; lastKnownFileType = sourcecode.swift; path = cloudData.swift; sourceTree = "<group>"; };
		5CA847B21A26A8A00061FE02 /* grabbedRecord.swift */ = {isa = PBXFileReference; fileEncoding = 4; lastKnownFileType = sourcecode.swift; path = grabbedRecord.swift; sourceTree = "<group>"; };
		5CA847B41A26D0C70061FE02 /* NavigationViewController.swift */ = {isa = PBXFileReference; fileEncoding = 4; lastKnownFileType = sourcecode.swift; path = NavigationViewController.swift; sourceTree = "<group>"; };
		E4583FDE19EDA9A7009ADA7F /* TrackerTeamA.app */ = {isa = PBXFileReference; explicitFileType = wrapper.application; includeInIndex = 0; path = TrackerTeamA.app; sourceTree = BUILT_PRODUCTS_DIR; };
		E4583FE219EDA9A7009ADA7F /* Info.plist */ = {isa = PBXFileReference; lastKnownFileType = text.plist.xml; path = Info.plist; sourceTree = "<group>"; };
		E4583FE319EDA9A7009ADA7F /* AppDelegate.swift */ = {isa = PBXFileReference; lastKnownFileType = sourcecode.swift; path = AppDelegate.swift; sourceTree = "<group>"; };
		E4583FE819EDA9A7009ADA7F /* Base */ = {isa = PBXFileReference; lastKnownFileType = file.storyboard; name = Base; path = Base.lproj/Main.storyboard; sourceTree = "<group>"; };
		E4583FEA19EDA9A7009ADA7F /* Images.xcassets */ = {isa = PBXFileReference; lastKnownFileType = folder.assetcatalog; path = Images.xcassets; sourceTree = "<group>"; };
		E4583FED19EDA9A7009ADA7F /* Base */ = {isa = PBXFileReference; lastKnownFileType = file.xib; name = Base; path = Base.lproj/LaunchScreen.xib; sourceTree = "<group>"; };
		E4583FF819EDA9A8009ADA7F /* Info.plist */ = {isa = PBXFileReference; lastKnownFileType = text.plist.xml; path = Info.plist; sourceTree = "<group>"; };
		E4583FF919EDA9A8009ADA7F /* TrackerTests.swift */ = {isa = PBXFileReference; lastKnownFileType = sourcecode.swift; path = TrackerTests.swift; sourceTree = "<group>"; };
		E49A416A1A1449D900CABD4F /* TodayTabViewController.swift */ = {isa = PBXFileReference; fileEncoding = 4; lastKnownFileType = sourcecode.swift; path = TodayTabViewController.swift; sourceTree = "<group>"; };
		E4BCAA211A1AF61F0091BD75 /* GoalsTabViewController.swift */ = {isa = PBXFileReference; fileEncoding = 4; lastKnownFileType = sourcecode.swift; path = GoalsTabViewController.swift; sourceTree = "<group>"; };
		E4C84A7C1A229BF8004CD9EB /* HistoryTabViewController.swift */ = {isa = PBXFileReference; fileEncoding = 4; lastKnownFileType = sourcecode.swift; path = HistoryTabViewController.swift; sourceTree = "<group>"; };
/* End PBXFileReference section */

/* Begin PBXFrameworksBuildPhase section */
		5C66F01F1A159F95000422ED /* Frameworks */ = {
			isa = PBXFrameworksBuildPhase;
			buildActionMask = 2147483647;
			files = (
				5C66F0251A159F95000422ED /* NotificationCenter.framework in Frameworks */,
			);
			runOnlyForDeploymentPostprocessing = 0;
		};
		E4583FDB19EDA9A7009ADA7F /* Frameworks */ = {
			isa = PBXFrameworksBuildPhase;
			buildActionMask = 2147483647;
			files = (
				5C66F01D1A15921A000422ED /* CloudKit.framework in Frameworks */,
			);
			runOnlyForDeploymentPostprocessing = 0;
		};
/* End PBXFrameworksBuildPhase section */

/* Begin PBXGroup section */
		5C66F0231A159F95000422ED /* Frameworks */ = {
			isa = PBXGroup;
			children = (
				5C66F0241A159F95000422ED /* NotificationCenter.framework */,
			);
			name = Frameworks;
			sourceTree = "<group>";
		};
		5C66F0261A159F95000422ED /* TrackerWidget */ = {
			isa = PBXGroup;
			children = (
				5C66F0291A159F95000422ED /* TodayViewController.swift */,
				5C66F02B1A159F95000422ED /* MainInterface.storyboard */,
				5C66F0271A159F95000422ED /* Supporting Files */,
			);
			path = TrackerWidget;
			sourceTree = "<group>";
		};
		5C66F0271A159F95000422ED /* Supporting Files */ = {
			isa = PBXGroup;
			children = (
				5C66F0281A159F95000422ED /* Info.plist */,
			);
			name = "Supporting Files";
			sourceTree = "<group>";
		};
		E4583FD519EDA9A7009ADA7F = {
			isa = PBXGroup;
			children = (
				5C66F01C1A15921A000422ED /* CloudKit.framework */,
				E4583FE019EDA9A7009ADA7F /* Tracker */,
				E4583FF619EDA9A8009ADA7F /* TrackerTests */,
				5C66F0261A159F95000422ED /* TrackerWidget */,
				5C66F0231A159F95000422ED /* Frameworks */,
				E4583FDF19EDA9A7009ADA7F /* Products */,
			);
			sourceTree = "<group>";
		};
		E4583FDF19EDA9A7009ADA7F /* Products */ = {
			isa = PBXGroup;
			children = (
				E4583FDE19EDA9A7009ADA7F /* TrackerTeamA.app */,
				5C66F0221A159F95000422ED /* TrackerWidget.appex */,
			);
			name = Products;
			sourceTree = "<group>";
		};
		E4583FE019EDA9A7009ADA7F /* Tracker */ = {
			isa = PBXGroup;
			children = (
				5CA847AE1A269E330061FE02 /* button.jpg */,
				5C66F01B1A159219000422ED /* Tracker.entitlements */,
				E4583FE319EDA9A7009ADA7F /* AppDelegate.swift */,
				5CA847B01A26A88D0061FE02 /* cloudData.swift */,
				5CA847B21A26A8A00061FE02 /* grabbedRecord.swift */,
				E4583FE719EDA9A7009ADA7F /* Main.storyboard */,
				5CA847B41A26D0C70061FE02 /* NavigationViewController.swift */,
				E4C84A7C1A229BF8004CD9EB /* HistoryTabViewController.swift */,
				E4BCAA211A1AF61F0091BD75 /* GoalsTabViewController.swift */,
				E49A416A1A1449D900CABD4F /* TodayTabViewController.swift */,
				E4583FEA19EDA9A7009ADA7F /* Images.xcassets */,
				E4583FEC19EDA9A7009ADA7F /* LaunchScreen.xib */,
				E4583FE119EDA9A7009ADA7F /* Supporting Files */,
			);
			path = Tracker;
			sourceTree = "<group>";
		};
		E4583FE119EDA9A7009ADA7F /* Supporting Files */ = {
			isa = PBXGroup;
			children = (
				E4583FE219EDA9A7009ADA7F /* Info.plist */,
			);
			name = "Supporting Files";
			sourceTree = "<group>";
		};
		E4583FF619EDA9A8009ADA7F /* TrackerTests */ = {
			isa = PBXGroup;
			children = (
				E4583FF919EDA9A8009ADA7F /* TrackerTests.swift */,
				E4583FF719EDA9A8009ADA7F /* Supporting Files */,
			);
			path = TrackerTests;
			sourceTree = "<group>";
		};
		E4583FF719EDA9A8009ADA7F /* Supporting Files */ = {
			isa = PBXGroup;
			children = (
				E4583FF819EDA9A8009ADA7F /* Info.plist */,
			);
			name = "Supporting Files";
			sourceTree = "<group>";
		};
/* End PBXGroup section */

/* Begin PBXNativeTarget section */
		5C66F0211A159F95000422ED /* TrackerWidget */ = {
			isa = PBXNativeTarget;
			buildConfigurationList = 5C66F0301A159F96000422ED /* Build configuration list for PBXNativeTarget "TrackerWidget" */;
			buildPhases = (
				5C66F01E1A159F95000422ED /* Sources */,
				5C66F01F1A159F95000422ED /* Frameworks */,
				5C66F0201A159F95000422ED /* Resources */,
			);
			buildRules = (
			);
			dependencies = (
			);
			name = TrackerWidget;
			productName = TrackerWidget;
			productReference = 5C66F0221A159F95000422ED /* TrackerWidget.appex */;
			productType = "com.apple.product-type.app-extension";
		};
		E4583FDD19EDA9A7009ADA7F /* TrackerTeamA */ = {
			isa = PBXNativeTarget;
			buildConfigurationList = E4583FFD19EDA9A8009ADA7F /* Build configuration list for PBXNativeTarget "TrackerTeamA" */;
			buildPhases = (
				E4583FDA19EDA9A7009ADA7F /* Sources */,
				E4583FDB19EDA9A7009ADA7F /* Frameworks */,
				E4583FDC19EDA9A7009ADA7F /* Resources */,
				5C66F0331A159F96000422ED /* Embed App Extensions */,
			);
			buildRules = (
			);
			dependencies = (
				5C66F02E1A159F95000422ED /* PBXTargetDependency */,
			);
			name = TrackerTeamA;
			productName = Tracker;
			productReference = E4583FDE19EDA9A7009ADA7F /* TrackerTeamA.app */;
			productType = "com.apple.product-type.application";
		};
/* End PBXNativeTarget section */

/* Begin PBXProject section */
		E4583FD619EDA9A7009ADA7F /* Project object */ = {
			isa = PBXProject;
			attributes = {
				LastUpgradeCheck = 0600;
				ORGANIZATIONNAME = "Amy Schmidt";
				TargetAttributes = {
					5C66F0211A159F95000422ED = {
						CreatedOnToolsVersion = 6.1;
						DevelopmentTeam = 4FNJNUQ3AD;
					};
					E4583FDD19EDA9A7009ADA7F = {
						CreatedOnToolsVersion = 6.0.1;
						DevelopmentTeam = 4FNJNUQ3AD;
					};
				};
			};
			buildConfigurationList = E4583FD919EDA9A7009ADA7F /* Build configuration list for PBXProject "TrackerTeamA" */;
			compatibilityVersion = "Xcode 3.2";
			developmentRegion = English;
			hasScannedForEncodings = 0;
			knownRegions = (
				en,
				Base,
			);
			mainGroup = E4583FD519EDA9A7009ADA7F;
			productRefGroup = E4583FDF19EDA9A7009ADA7F /* Products */;
			projectDirPath = "";
			projectRoot = "";
			targets = (
				E4583FDD19EDA9A7009ADA7F /* TrackerTeamA */,
				5C66F0211A159F95000422ED /* TrackerWidget */,
			);
		};
/* End PBXProject section */

/* Begin PBXResourcesBuildPhase section */
		5C66F0201A159F95000422ED /* Resources */ = {
			isa = PBXResourcesBuildPhase;
			buildActionMask = 2147483647;
			files = (
				5C66F02C1A159F95000422ED /* MainInterface.storyboard in Resources */,
			);
			runOnlyForDeploymentPostprocessing = 0;
		};
		E4583FDC19EDA9A7009ADA7F /* Resources */ = {
			isa = PBXResourcesBuildPhase;
			buildActionMask = 2147483647;
			files = (
				E4583FE919EDA9A7009ADA7F /* Main.storyboard in Resources */,
				5CA847AF1A269E330061FE02 /* button.jpg in Resources */,
				E4583FEE19EDA9A7009ADA7F /* LaunchScreen.xib in Resources */,
				E4583FEB19EDA9A7009ADA7F /* Images.xcassets in Resources */,
			);
			runOnlyForDeploymentPostprocessing = 0;
		};
/* End PBXResourcesBuildPhase section */

/* Begin PBXSourcesBuildPhase section */
		5C66F01E1A159F95000422ED /* Sources */ = {
			isa = PBXSourcesBuildPhase;
			buildActionMask = 2147483647;
			files = (
				5C66F02A1A159F95000422ED /* TodayViewController.swift in Sources */,
			);
			runOnlyForDeploymentPostprocessing = 0;
		};
		E4583FDA19EDA9A7009ADA7F /* Sources */ = {
			isa = PBXSourcesBuildPhase;
			buildActionMask = 2147483647;
			files = (
				5CA847B11A26A88D0061FE02 /* cloudData.swift in Sources */,
				E49A416B1A1449D900CABD4F /* TodayTabViewController.swift in Sources */,
				5CA847B31A26A8A00061FE02 /* grabbedRecord.swift in Sources */,
				E4C84A7D1A229BF8004CD9EB /* HistoryTabViewController.swift in Sources */,
				E4BCAA221A1AF61F0091BD75 /* GoalsTabViewController.swift in Sources */,
				5CA847B51A26D0C70061FE02 /* NavigationViewController.swift in Sources */,
				E4583FE419EDA9A7009ADA7F /* AppDelegate.swift in Sources */,
			);
			runOnlyForDeploymentPostprocessing = 0;
		};
/* End PBXSourcesBuildPhase section */

/* Begin PBXTargetDependency section */
		5C66F02E1A159F95000422ED /* PBXTargetDependency */ = {
			isa = PBXTargetDependency;
			target = 5C66F0211A159F95000422ED /* TrackerWidget */;
			targetProxy = 5C66F02D1A159F95000422ED /* PBXContainerItemProxy */;
		};
/* End PBXTargetDependency section */

/* Begin PBXVariantGroup section */
		E4583FE719EDA9A7009ADA7F /* Main.storyboard */ = {
			isa = PBXVariantGroup;
			children = (
				E4583FE819EDA9A7009ADA7F /* Base */,
			);
			name = Main.storyboard;
			sourceTree = "<group>";
		};
		E4583FEC19EDA9A7009ADA7F /* LaunchScreen.xib */ = {
			isa = PBXVariantGroup;
			children = (
				E4583FED19EDA9A7009ADA7F /* Base */,
			);
			name = LaunchScreen.xib;
			sourceTree = "<group>";
		};
/* End PBXVariantGroup section */

/* Begin XCBuildConfiguration section */
		5C66F0311A159F96000422ED /* Debug */ = {
			isa = XCBuildConfiguration;
			buildSettings = {
				CODE_SIGN_IDENTITY = "iPhone Developer";
				"CODE_SIGN_IDENTITY[sdk=iphoneos*]" = "iPhone Developer";
				GCC_PREPROCESSOR_DEFINITIONS = (
					"DEBUG=1",
					"$(inherited)",
				);
				INFOPLIST_FILE = TrackerWidget/Info.plist;
				IPHONEOS_DEPLOYMENT_TARGET = 8.1;
				LD_RUNPATH_SEARCH_PATHS = "$(inherited) @executable_path/Frameworks @executable_path/../../Frameworks";
				PRODUCT_NAME = "$(TARGET_NAME)";
				PROVISIONING_PROFILE = "";
				SKIP_INSTALL = YES;
			};
			name = Debug;
		};
		5C66F0321A159F96000422ED /* Release */ = {
			isa = XCBuildConfiguration;
			buildSettings = {
				CODE_SIGN_IDENTITY = "iPhone Developer";
				"CODE_SIGN_IDENTITY[sdk=iphoneos*]" = "iPhone Developer";
				INFOPLIST_FILE = TrackerWidget/Info.plist;
				IPHONEOS_DEPLOYMENT_TARGET = 8.1;
				LD_RUNPATH_SEARCH_PATHS = "$(inherited) @executable_path/Frameworks @executable_path/../../Frameworks";
				PRODUCT_NAME = "$(TARGET_NAME)";
				PROVISIONING_PROFILE = "";
				SKIP_INSTALL = YES;
			};
			name = Release;
		};
		E4583FFB19EDA9A8009ADA7F /* Debug */ = {
			isa = XCBuildConfiguration;
			buildSettings = {
				ALWAYS_SEARCH_USER_PATHS = NO;
				CLANG_CXX_LANGUAGE_STANDARD = "gnu++0x";
				CLANG_CXX_LIBRARY = "libc++";
				CLANG_ENABLE_MODULES = YES;
				CLANG_ENABLE_OBJC_ARC = YES;
				CLANG_WARN_BOOL_CONVERSION = YES;
				CLANG_WARN_CONSTANT_CONVERSION = YES;
				CLANG_WARN_DIRECT_OBJC_ISA_USAGE = YES_ERROR;
				CLANG_WARN_EMPTY_BODY = YES;
				CLANG_WARN_ENUM_CONVERSION = YES;
				CLANG_WARN_INT_CONVERSION = YES;
				CLANG_WARN_OBJC_ROOT_CLASS = YES_ERROR;
				CLANG_WARN_UNREACHABLE_CODE = YES;
				CLANG_WARN__DUPLICATE_METHOD_MATCH = YES;
				"CODE_SIGN_IDENTITY[sdk=iphoneos*]" = "iPhone Developer";
				COPY_PHASE_STRIP = NO;
				ENABLE_STRICT_OBJC_MSGSEND = YES;
				GCC_C_LANGUAGE_STANDARD = gnu99;
				GCC_DYNAMIC_NO_PIC = NO;
				GCC_OPTIMIZATION_LEVEL = 0;
				GCC_PREPROCESSOR_DEFINITIONS = (
					"DEBUG=1",
					"$(inherited)",
				);
				GCC_SYMBOLS_PRIVATE_EXTERN = NO;
				GCC_WARN_64_TO_32_BIT_CONVERSION = YES;
				GCC_WARN_ABOUT_RETURN_TYPE = YES_ERROR;
				GCC_WARN_UNDECLARED_SELECTOR = YES;
				GCC_WARN_UNINITIALIZED_AUTOS = YES_AGGRESSIVE;
				GCC_WARN_UNUSED_FUNCTION = YES;
				GCC_WARN_UNUSED_VARIABLE = YES;
				IPHONEOS_DEPLOYMENT_TARGET = 8.0;
				MTL_ENABLE_DEBUG_INFO = YES;
				ONLY_ACTIVE_ARCH = YES;
				SDKROOT = iphoneos;
				SWIFT_OPTIMIZATION_LEVEL = "-Onone";
				TARGETED_DEVICE_FAMILY = "1,2";
			};
			name = Debug;
		};
		E4583FFC19EDA9A8009ADA7F /* Release */ = {
			isa = XCBuildConfiguration;
			buildSettings = {
				ALWAYS_SEARCH_USER_PATHS = NO;
				CLANG_CXX_LANGUAGE_STANDARD = "gnu++0x";
				CLANG_CXX_LIBRARY = "libc++";
				CLANG_ENABLE_MODULES = YES;
				CLANG_ENABLE_OBJC_ARC = YES;
				CLANG_WARN_BOOL_CONVERSION = YES;
				CLANG_WARN_CONSTANT_CONVERSION = YES;
				CLANG_WARN_DIRECT_OBJC_ISA_USAGE = YES_ERROR;
				CLANG_WARN_EMPTY_BODY = YES;
				CLANG_WARN_ENUM_CONVERSION = YES;
				CLANG_WARN_INT_CONVERSION = YES;
				CLANG_WARN_OBJC_ROOT_CLASS = YES_ERROR;
				CLANG_WARN_UNREACHABLE_CODE = YES;
				CLANG_WARN__DUPLICATE_METHOD_MATCH = YES;
				"CODE_SIGN_IDENTITY[sdk=iphoneos*]" = "iPhone Developer";
				COPY_PHASE_STRIP = YES;
				ENABLE_NS_ASSERTIONS = NO;
				ENABLE_STRICT_OBJC_MSGSEND = YES;
				GCC_C_LANGUAGE_STANDARD = gnu99;
				GCC_WARN_64_TO_32_BIT_CONVERSION = YES;
				GCC_WARN_ABOUT_RETURN_TYPE = YES_ERROR;
				GCC_WARN_UNDECLARED_SELECTOR = YES;
				GCC_WARN_UNINITIALIZED_AUTOS = YES_AGGRESSIVE;
				GCC_WARN_UNUSED_FUNCTION = YES;
				GCC_WARN_UNUSED_VARIABLE = YES;
				IPHONEOS_DEPLOYMENT_TARGET = 8.0;
				MTL_ENABLE_DEBUG_INFO = NO;
				SDKROOT = iphoneos;
				TARGETED_DEVICE_FAMILY = "1,2";
				VALIDATE_PRODUCT = YES;
			};
			name = Release;
		};
		E4583FFE19EDA9A8009ADA7F /* Debug */ = {
			isa = XCBuildConfiguration;
			buildSettings = {
				ASSETCATALOG_COMPILER_APPICON_NAME = AppIcon;
				CODE_SIGN_ENTITLEMENTS = Tracker/Tracker.entitlements;
				CODE_SIGN_IDENTITY = "iPhone Developer";
				"CODE_SIGN_IDENTITY[sdk=iphoneos*]" = "iPhone Developer";
				EMBEDDED_CONTENT_CONTAINS_SWIFT = YES;
				INFOPLIST_FILE = Tracker/Info.plist;
				LD_RUNPATH_SEARCH_PATHS = "$(inherited) @executable_path/Frameworks";
				PRODUCT_NAME = TrackerTeamA;
				PROVISIONING_PROFILE = "";
			};
			name = Debug;
		};
		E4583FFF19EDA9A8009ADA7F /* Release */ = {
			isa = XCBuildConfiguration;
			buildSettings = {
				ASSETCATALOG_COMPILER_APPICON_NAME = AppIcon;
				CODE_SIGN_ENTITLEMENTS = Tracker/Tracker.entitlements;
				CODE_SIGN_IDENTITY = "iPhone Developer";
				"CODE_SIGN_IDENTITY[sdk=iphoneos*]" = "iPhone Developer";
				EMBEDDED_CONTENT_CONTAINS_SWIFT = YES;
				INFOPLIST_FILE = Tracker/Info.plist;
				LD_RUNPATH_SEARCH_PATHS = "$(inherited) @executable_path/Frameworks";
				PRODUCT_NAME = TrackerTeamA;
				PROVISIONING_PROFILE = "";
			};
			name = Release;
		};
/* End XCBuildConfiguration section */

/* Begin XCConfigurationList section */
		5C66F0301A159F96000422ED /* Build configuration list for PBXNativeTarget "TrackerWidget" */ = {
			isa = XCConfigurationList;
			buildConfigurations = (
				5C66F0311A159F96000422ED /* Debug */,
				5C66F0321A159F96000422ED /* Release */,
			);
			defaultConfigurationIsVisible = 0;
			defaultConfigurationName = Release;
		};
		E4583FD919EDA9A7009ADA7F /* Build configuration list for PBXProject "TrackerTeamA" */ = {
			isa = XCConfigurationList;
			buildConfigurations = (
				E4583FFB19EDA9A8009ADA7F /* Debug */,
				E4583FFC19EDA9A8009ADA7F /* Release */,
			);
			defaultConfigurationIsVisible = 0;
			defaultConfigurationName = Release;
		};
		E4583FFD19EDA9A8009ADA7F /* Build configuration list for PBXNativeTarget "TrackerTeamA" */ = {
			isa = XCConfigurationList;
			buildConfigurations = (
				E4583FFE19EDA9A8009ADA7F /* Debug */,
				E4583FFF19EDA9A8009ADA7F /* Release */,
			);
			defaultConfigurationIsVisible = 0;
			defaultConfigurationName = Release;
		};
/* End XCConfigurationList section */
	};
	rootObject = E4583FD619EDA9A7009ADA7F /* Project object */;
}
